
Microsoft Visual Studio Solution File, Format Version 12.00
Project("{FAE04EC0-301F-11D3-BF4B-00C04F79EFBC}") = "JahCore", "JahCore\JahCore.csproj", "{2CCAF768-4C8E-4FFE-A6E2-E2244261F2BA}"
EndProject
Project("{FAE04EC0-301F-11D3-BF4B-00C04F79EFBC}") = "JahQuery", "JahQuery\JahQuery.csproj", "{52FD4156-259C-41F8-8DE6-BA2B3534B2E6}"
EndProject
Project("{FAE04EC0-301F-11D3-BF4B-00C04F79EFBC}") = "JahQuery.SqlServer", "JahQuery.SqlServer\JahQuery.SqlServer.csproj", "{61C7C3E0-AEE3-4F5C-BC09-26A936397699}"
EndProject
Global
	GlobalSection(SolutionConfigurationPlatforms) = preSolution
		Debug|Any CPU = Debug|Any CPU
		Release|Any CPU = Release|Any CPU
	EndGlobalSection
	GlobalSection(ProjectConfigurationPlatforms) = postSolution
		{2CCAF768-4C8E-4FFE-A6E2-E2244261F2BA}.Debug|Any CPU.ActiveCfg = Debug|Any CPU
		{2CCAF768-4C8E-4FFE-A6E2-E2244261F2BA}.Debug|Any CPU.Build.0 = Debug|Any CPU
		{2CCAF768-4C8E-4FFE-A6E2-E2244261F2BA}.Release|Any CPU.ActiveCfg = Release|Any CPU
		{2CCAF768-4C8E-4FFE-A6E2-E2244261F2BA}.Release|Any CPU.Build.0 = Release|Any CPU
		{52FD4156-259C-41F8-8DE6-BA2B3534B2E6}.Debug|Any CPU.ActiveCfg = Debug|Any CPU
		{52FD4156-259C-41F8-8DE6-BA2B3534B2E6}.Debug|Any CPU.Build.0 = Debug|Any CPU
		{52FD4156-259C-41F8-8DE6-BA2B3534B2E6}.Release|Any CPU.ActiveCfg = Release|Any CPU
		{52FD4156-259C-41F8-8DE6-BA2B3534B2E6}.Release|Any CPU.Build.0 = Release|Any CPU
		{61C7C3E0-AEE3-4F5C-BC09-26A936397699}.Debug|Any CPU.ActiveCfg = Debug|Any CPU
		{61C7C3E0-AEE3-4F5C-BC09-26A936397699}.Debug|Any CPU.Build.0 = Debug|Any CPU
		{61C7C3E0-AEE3-4F5C-BC09-26A936397699}.Release|Any CPU.ActiveCfg = Release|Any CPU
		{61C7C3E0-AEE3-4F5C-BC09-26A936397699}.Release|Any CPU.Build.0 = Release|Any CPU
	EndGlobalSection
EndGlobal
